
Microsoft Visual Studio Solution File, Format Version 12.00
# Visual Studio Version 17
VisualStudioVersion = 17.9.34728.123
MinimumVisualStudioVersion = 10.0.40219.1
Project("{FAE04EC0-301F-11D3-BF4B-00C04F79EFBC}") = "Students.Api", "Students.Api\Students.Api.csproj", "{0C46196E-EFFD-4C96-B6CB-6CBA489E98F6}"
EndProject
Project("{FAE04EC0-301F-11D3-BF4B-00C04F79EFBC}") = "Students.DAL", "Students.DAL\Students.DAL.csproj", "{505D6514-CFD2-4652-AE79-711E82C571C2}"
EndProject
Project("{FAE04EC0-301F-11D3-BF4B-00C04F79EFBC}") = "Students.BL", "Students.BL\Students.BL.csproj", "{8902A826-2BCE-4AF5-A668-258A850A1892}"
EndProject
Global
	GlobalSection(SolutionConfigurationPlatforms) = preSolution
		Debug|Any CPU = Debug|Any CPU
		Release|Any CPU = Release|Any CPU
	EndGlobalSection
	GlobalSection(ProjectConfigurationPlatforms) = postSolution
		{0C46196E-EFFD-4C96-B6CB-6CBA489E98F6}.Debug|Any CPU.ActiveCfg = Debug|Any CPU
		{0C46196E-EFFD-4C96-B6CB-6CBA489E98F6}.Debug|Any CPU.Build.0 = Debug|Any CPU
		{0C46196E-EFFD-4C96-B6CB-6CBA489E98F6}.Release|Any CPU.ActiveCfg = Release|Any CPU
		{0C46196E-EFFD-4C96-B6CB-6CBA489E98F6}.Release|Any CPU.Build.0 = Release|Any CPU
		{505D6514-CFD2-4652-AE79-711E82C571C2}.Debug|Any CPU.ActiveCfg = Debug|Any CPU
		{505D6514-CFD2-4652-AE79-711E82C571C2}.Debug|Any CPU.Build.0 = Debug|Any CPU
		{505D6514-CFD2-4652-AE79-711E82C571C2}.Release|Any CPU.ActiveCfg = Release|Any CPU
		{505D6514-CFD2-4652-AE79-711E82C571C2}.Release|Any CPU.Build.0 = Release|Any CPU
		{8902A826-2BCE-4AF5-A668-258A850A1892}.Debug|Any CPU.ActiveCfg = Debug|Any CPU
		{8902A826-2BCE-4AF5-A668-258A850A1892}.Debug|Any CPU.Build.0 = Debug|Any CPU
		{8902A826-2BCE-4AF5-A668-258A850A1892}.Release|Any CPU.ActiveCfg = Release|Any CPU
		{8902A826-2BCE-4AF5-A668-258A850A1892}.Release|Any CPU.Build.0 = Release|Any CPU
	EndGlobalSection
	GlobalSection(SolutionProperties) = preSolution
		HideSolutionNode = FALSE
	EndGlobalSection
	GlobalSection(ExtensibilityGlobals) = postSolution
		SolutionGuid = {ABE1BECE-EC11-4EE3-AC97-B0FC58E72092}
	EndGlobalSection
EndGlobal
